schema: '2.0'
stages:
  data_ingestion:
    cmd: python src/data_ingestion.py
    deps:
    - path: src/data_ingestion.py
      hash: md5
      md5: 52669258eb88470379f7d083c15127ef
      size: 2954
    outs:
    - path: data/raw
      hash: md5
      md5: a31e07cf5f496dc3c435be27837e6371.dir
      size: 484846
      nfiles: 2
  data_preprocessing:
    cmd: python src/data_preprocessing.py
    deps:
    - path: data/raw
      hash: md5
      md5: a31e07cf5f496dc3c435be27837e6371.dir
      size: 484846
      nfiles: 2
    - path: src/data_preprocessing.py
      hash: md5
      md5: ae0059b79590609927f72e3c373f1865
      size: 3973
    outs:
    - path: data/interim
      hash: md5
      md5: 095c39a135aaa52ea387aa07dc186926.dir
      size: 260230
      nfiles: 2
  feature_engineering:
    cmd: python src/feature_engineering.py
    deps:
    - path: data/interim
      hash: md5
      md5: 095c39a135aaa52ea387aa07dc186926.dir
      size: 260230
      nfiles: 2
    - path: src/feature_engineering.py
      hash: md5
      md5: 13f3d80d806d7fd24a59d8e5e1ad3cb3
      size: 3215
    outs:
    - path: data/processed
      hash: md5
      md5: edcd272ac021e54b6b212a49bdff5dd7.dir
      size: 1180011
      nfiles: 2
  model_building:
    cmd: python src/model_building.py
    deps:
    - path: data/processed
      hash: md5
      md5: edcd272ac021e54b6b212a49bdff5dd7.dir
      size: 1180011
      nfiles: 2
    - path: src/model_building.py
      hash: md5
      md5: 93e5c79a789e6bac6c3ce1251c0a2e94
      size: 3852
    outs:
    - path: models/model.pkl
      hash: md5
      md5: 8984a409c8a54df0bcb053b1daab45ec
      size: 4010080
  model_evaluation:
    cmd: python src/model_evaluation.py
    deps:
    - path: models/model.pkl
      hash: md5
      md5: 8984a409c8a54df0bcb053b1daab45ec
      size: 4010080
    - path: src/model_evaluation.py
      hash: md5
      md5: b1c75fe70e7db92ad518a35e39f01238
      size: 3987
    outs:
    - path: reports/metrics.json
      hash: md5
      md5: 0b1599eca286019ce8e7c520a58f19b3
      size: 135
